
Microsoft Visual Studio Solution File, Format Version 12.00
# Visual Studio Version 16
VisualStudioVersion = 16.0.31112.23
MinimumVisualStudioVersion = 10.0.40219.1
Project("{9A19103F-16F7-4668-BE54-9A1E7A4F7556}") = "HW2", "HW2\HW2.csproj", "{4580445C-2EDF-4F5D-BC4B-1AF7AC55E560}"
EndProject
Project("{FAE04EC0-301F-11D3-BF4B-00C04F79EFBC}") = "HW1", "HW1\HW1.csproj", "{CE9F4EC5-47C4-4D13-A30F-50F19FEFE23B}"
EndProject
Global
	GlobalSection(SolutionConfigurationPlatforms) = preSolution
		Debug|Any CPU = Debug|Any CPU
		Release|Any CPU = Release|Any CPU
	EndGlobalSection
	GlobalSection(ProjectConfigurationPlatforms) = postSolution
		{4580445C-2EDF-4F5D-BC4B-1AF7AC55E560}.Debug|Any CPU.ActiveCfg = Debug|Any CPU
		{4580445C-2EDF-4F5D-BC4B-1AF7AC55E560}.Debug|Any CPU.Build.0 = Debug|Any CPU
		{4580445C-2EDF-4F5D-BC4B-1AF7AC55E560}.Release|Any CPU.ActiveCfg = Release|Any CPU
		{4580445C-2EDF-4F5D-BC4B-1AF7AC55E560}.Release|Any CPU.Build.0 = Release|Any CPU
		{CE9F4EC5-47C4-4D13-A30F-50F19FEFE23B}.Debug|Any CPU.ActiveCfg = Debug|Any CPU
		{CE9F4EC5-47C4-4D13-A30F-50F19FEFE23B}.Debug|Any CPU.Build.0 = Debug|Any CPU
		{CE9F4EC5-47C4-4D13-A30F-50F19FEFE23B}.Release|Any CPU.ActiveCfg = Release|Any CPU
		{CE9F4EC5-47C4-4D13-A30F-50F19FEFE23B}.Release|Any CPU.Build.0 = Release|Any CPU
	EndGlobalSection
	GlobalSection(SolutionProperties) = preSolution
		HideSolutionNode = FALSE
	EndGlobalSection
	GlobalSection(ExtensibilityGlobals) = postSolution
		SolutionGuid = {8E985513-0E9A-4757-A2B5-5D26D712B2A6}
	EndGlobalSection
EndGlobal
